# @generated - this file is auto-generated by `mise lock` https://mise.en.dev/dev-tools/mise-lock.html

[[tools.doppler]]
version = "3.76.0"
backend = "github:DopplerHQ/cli"

[tools.doppler."platforms.linux-arm64"]
checksum = "sha256:ee57701385fc33fba550f913641812ed2ff020631e3ac8cc14616cbde2118884"
url = "https://github.com/DopplerHQ/cli/releases/download/3.76.0/doppler_3.76.0_linux_arm64.tar.gz"
url_api = "https://api.github.com/repos/DopplerHQ/cli/releases/assets/402869206"

[tools.doppler."platforms.linux-x64"]
checksum = "sha256:04f1ff30ed162d7af1dba7f11ad6a37ef35099de86a7ec6e261b64b1b337a3f3"
url = "https://github.com/DopplerHQ/cli/releases/download/3.76.0/doppler_3.76.0_linux_amd64.tar.gz"
url_api = "https://api.github.com/repos/DopplerHQ/cli/releases/assets/402869217"

[tools.doppler."platforms.macos-arm64"]
checksum = "sha256:f8a546d4b177255816f3b1262347bb643b0bcb8cf82d5859e5426c11f56636dc"
url = "https://github.com/DopplerHQ/cli/releases/download/3.76.0/doppler_3.76.0_macOS_arm64.tar.gz"
url_api = "https://api.github.com/repos/DopplerHQ/cli/releases/assets/402869208"

[tools.doppler."platforms.windows-x64"]
checksum = "sha256:fd095b1849eda66547f2bcb4265b31544d9a282a3362d73d82d28262ecd67edd"
url = "https://github.com/DopplerHQ/cli/releases/download/3.76.0/doppler_3.76.0_windows_amd64.zip"
url_api = "https://api.github.com/repos/DopplerHQ/cli/releases/assets/402869216"

[[tools.fnox]]
version = "1.25.1"
backend = "github:jdx/fnox"

[tools.fnox."platforms.linux-arm64"]
checksum = "sha256:fc37354b449e93cf6a15a18c15b58b27f4304ac532559b447e88b7f4e03eea83"
url = "https://github.com/jdx/fnox/releases/download/v1.25.1/fnox-aarch64-unknown-linux-gnu.tar.gz"
url_api = "https://api.github.com/repos/jdx/fnox/releases/assets/422647955"
provenance = "github-attestations"

[tools.fnox."platforms.linux-x64"]
checksum = "sha256:157a3ade234eec5b8a57dfc2ae5e3ac40f1871a5fd8affac94131d91ca60023b"
url = "https://github.com/jdx/fnox/releases/download/v1.25.1/fnox-x86_64-unknown-linux-gnu.tar.gz"
url_api = "https://api.github.com/repos/jdx/fnox/releases/assets/422647964"
provenance = "github-attestations"

[tools.fnox."platforms.macos-arm64"]
checksum = "sha256:39d1f8cc620d3784f1b4c0127a0cf404f97d35ac4233656d36891d80c77cd147"
url = "https://github.com/jdx/fnox/releases/download/v1.25.1/fnox-aarch64-apple-darwin.tar.gz"
url_api = "https://api.github.com/repos/jdx/fnox/releases/assets/422647956"
provenance = "github-attestations"

[tools.fnox."platforms.windows-x64"]
checksum = "sha256:e2874ecb0bb39816d1e5af60a920875bba5831182a46dad629a206bfcc4cb5bb"
url = "https://github.com/jdx/fnox/releases/download/v1.25.1/fnox-x86_64-pc-windows-msvc.zip"
url_api = "https://api.github.com/repos/jdx/fnox/releases/assets/422647962"
provenance = "github-attestations"

[[tools.pitchfork]]
version = "2.3.0"
backend = "aqua:jdx/pitchfork"

[tools.pitchfork."platforms.linux-arm64"]
checksum = "sha256:918254b8b489437b412e21db6391d6b98aeeb05dca5009c0c124504a5e926185"
url = "https://github.com/jdx/pitchfork/releases/download/v2.3.0/pitchfork-aarch64-unknown-linux-gnu.tar.gz"

[tools.pitchfork."platforms.linux-x64"]
checksum = "sha256:341ffa5050ef02b71123270bc6f3df102b72611d128ff628c6001f14ba91c99d"
url = "https://github.com/jdx/pitchfork/releases/download/v2.3.0/pitchfork-x86_64-unknown-linux-gnu.tar.gz"

[tools.pitchfork."platforms.macos-arm64"]
checksum = "sha256:dbe17406c87fd040b7cdd1fc3b07cfe4b3f532fe75ab617db57f10f8d6b29ec9"
url = "https://github.com/jdx/pitchfork/releases/download/v2.3.0/pitchfork-aarch64-apple-darwin.tar.gz"

[tools.pitchfork."platforms.windows-x64"]
checksum = "sha256:d3d88f4d1314597a3548c56204a7746bb248500209f2fd8721f87a00a1e0131d"
url = "https://github.com/jdx/pitchfork/releases/download/v2.3.0/pitchfork-x86_64-pc-windows-msvc.zip"

[[tools.rust]]
version = "1.94.1"
backend = "core:rust"
